
Microsoft Visual Studio Solution File, Format Version 12.00
# Visual Studio Version 17
VisualStudioVersion = 17.12.35527.113 d17.12
MinimumVisualStudioVersion = 10.0.40219.1
Project("{FAE04EC0-301F-11D3-BF4B-00C04F79EFBC}") = "Simple.MVC", "Simple.MVC\Simple.MVC.csproj", "{EB99693C-E999-4C25-9932-BA5B665B435D}"
EndProject
Project("{FAE04EC0-301F-11D3-BF4B-00C04F79EFBC}") = "Simple.Core", "Simple.Core\Simple.Core.csproj", "{B4151CF2-C8DE-4DB3-82F2-7B035D3A6209}"
EndProject
Project("{FAE04EC0-301F-11D3-BF4B-00C04F79EFBC}") = "Simple.BL", "Simple.BL\Simple.BL.csproj", "{E2E1CA2F-633D-44D4-A6FF-0439F35A814C}"
EndProject
Project("{FAE04EC0-301F-11D3-BF4B-00C04F79EFBC}") = "Simple.DAL", "Simple.DAL\Simple.DAL.csproj", "{F26AAAF9-044D-422F-8400-1379E6D728D3}"
EndProject
Global
	GlobalSection(SolutionConfigurationPlatforms) = preSolution
		Debug|Any CPU = Debug|Any CPU
		Release|Any CPU = Release|Any CPU
	EndGlobalSection
	GlobalSection(ProjectConfigurationPlatforms) = postSolution
		{EB99693C-E999-4C25-9932-BA5B665B435D}.Debug|Any CPU.ActiveCfg = Debug|Any CPU
		{EB99693C-E999-4C25-9932-BA5B665B435D}.Debug|Any CPU.Build.0 = Debug|Any CPU
		{EB99693C-E999-4C25-9932-BA5B665B435D}.Release|Any CPU.ActiveCfg = Release|Any CPU
		{EB99693C-E999-4C25-9932-BA5B665B435D}.Release|Any CPU.Build.0 = Release|Any CPU
		{B4151CF2-C8DE-4DB3-82F2-7B035D3A6209}.Debug|Any CPU.ActiveCfg = Debug|Any CPU
		{B4151CF2-C8DE-4DB3-82F2-7B035D3A6209}.Debug|Any CPU.Build.0 = Debug|Any CPU
		{B4151CF2-C8DE-4DB3-82F2-7B035D3A6209}.Release|Any CPU.ActiveCfg = Release|Any CPU
		{B4151CF2-C8DE-4DB3-82F2-7B035D3A6209}.Release|Any CPU.Build.0 = Release|Any CPU
		{E2E1CA2F-633D-44D4-A6FF-0439F35A814C}.Debug|Any CPU.ActiveCfg = Debug|Any CPU
		{E2E1CA2F-633D-44D4-A6FF-0439F35A814C}.Debug|Any CPU.Build.0 = Debug|Any CPU
		{E2E1CA2F-633D-44D4-A6FF-0439F35A814C}.Release|Any CPU.ActiveCfg = Release|Any CPU
		{E2E1CA2F-633D-44D4-A6FF-0439F35A814C}.Release|Any CPU.Build.0 = Release|Any CPU
		{F26AAAF9-044D-422F-8400-1379E6D728D3}.Debug|Any CPU.ActiveCfg = Debug|Any CPU
		{F26AAAF9-044D-422F-8400-1379E6D728D3}.Debug|Any CPU.Build.0 = Debug|Any CPU
		{F26AAAF9-044D-422F-8400-1379E6D728D3}.Release|Any CPU.ActiveCfg = Release|Any CPU
		{F26AAAF9-044D-422F-8400-1379E6D728D3}.Release|Any CPU.Build.0 = Release|Any CPU
	EndGlobalSection
	GlobalSection(SolutionProperties) = preSolution
		HideSolutionNode = FALSE
	EndGlobalSection
EndGlobal
